
Microsoft Visual Studio Solution File, Format Version 12.00
# Visual Studio Version 17
VisualStudioVersion = 17.4.33403.182
MinimumVisualStudioVersion = 10.0.40219.1
Project("{FAE04EC0-301F-11D3-BF4B-00C04F79EFBC}") = "DataMining", "DataMining\DataMining.csproj", "{E782BA44-4C83-4D77-9336-037ECA6918CB}"
EndProject
Global
	GlobalSection(SolutionConfigurationPlatforms) = preSolution
		Debug|Any CPU = Debug|Any CPU
		Release|Any CPU = Release|Any CPU
	EndGlobalSection
	GlobalSection(ProjectConfigurationPlatforms) = postSolution
		{E782BA44-4C83-4D77-9336-037ECA6918CB}.Debug|Any CPU.ActiveCfg = Debug|Any CPU
		{E782BA44-4C83-4D77-9336-037ECA6918CB}.Debug|Any CPU.Build.0 = Debug|Any CPU
		{E782BA44-4C83-4D77-9336-037ECA6918CB}.Release|Any CPU.ActiveCfg = Release|Any CPU
		{E782BA44-4C83-4D77-9336-037ECA6918CB}.Release|Any CPU.Build.0 = Release|Any CPU
	EndGlobalSection
	GlobalSection(SolutionProperties) = preSolution
		HideSolutionNode = FALSE
	EndGlobalSection
	GlobalSection(ExtensibilityGlobals) = postSolution
		SolutionGuid = {6BF09D74-3D15-4515-96CA-9DCFF429D243}
	EndGlobalSection
EndGlobal
